// !$*UTF8*$!
{
	archiveVersion = 1;
	classes = {
	};
	objectVersion = 46;
	objects = {

/* Begin PBXBuildFile section */
		BBD529541EE48F6E00D45B6B /* Event.swift in Sources */ = {isa = PBXBuildFile; fileRef = BBD529531EE48F6E00D45B6B /* Event.swift */; };
		BBD529561EEA304E00D45B6B /* EventCalendar.swift in Sources */ = {isa = PBXBuildFile; fileRef = BBD529551EEA304E00D45B6B /* EventCalendar.swift */; };
		BBD529D41EEDC25B00D45B6B /* EventsViewController.swift in Sources */ = {isa = PBXBuildFile; fileRef = BBD529D31EEDC25B00D45B6B /* EventsViewController.swift */; };
		BBD529D81EEDC8BB00D45B6B /* MyEventsViewController.swift in Sources */ = {isa = PBXBuildFile; fileRef = BBD529D71EEDC8BB00D45B6B /* MyEventsViewController.swift */; };
		BBD529DA1EEDCB8400D45B6B /* MyProfileViewController.swift in Sources */ = {isa = PBXBuildFile; fileRef = BBD529D91EEDCB8400D45B6B /* MyProfileViewController.swift */; };
		BBD529DC1EEDCB9E00D45B6B /* MyHoursViewController.swift in Sources */ = {isa = PBXBuildFile; fileRef = BBD529DB1EEDCB9E00D45B6B /* MyHoursViewController.swift */; };
		BBD529DE1EEDE2BF00D45B6B /* FilterEventsViewController.swift in Sources */ = {isa = PBXBuildFile; fileRef = BBD529DD1EEDE2BF00D45B6B /* FilterEventsViewController.swift */; };
		BBD529E01EEDE32A00D45B6B /* AddEventViewController.swift in Sources */ = {isa = PBXBuildFile; fileRef = BBD529DF1EEDE32A00D45B6B /* AddEventViewController.swift */; };
		BBD529E21EEDE47A00D45B6B /* EditProfileViewController.swift in Sources */ = {isa = PBXBuildFile; fileRef = BBD529E11EEDE47A00D45B6B /* EditProfileViewController.swift */; };
		BBD529E41EEDE4E900D45B6B /* AddHoursViewController.swift in Sources */ = {isa = PBXBuildFile; fileRef = BBD529E31EEDE4E900D45B6B /* AddHoursViewController.swift */; };
		E129E3D51EEDF4D800759B4D /* EventDetailsViewController.swift in Sources */ = {isa = PBXBuildFile; fileRef = E129E3D41EEDF4D800759B4D /* EventDetailsViewController.swift */; };
		E149CC1F1EDFA7BB002A3256 /* AppDelegate.swift in Sources */ = {isa = PBXBuildFile; fileRef = E149CC1E1EDFA7BB002A3256 /* AppDelegate.swift */; };
		E149CC261EDFA7BB002A3256 /* Main.storyboard in Resources */ = {isa = PBXBuildFile; fileRef = E149CC241EDFA7BB002A3256 /* Main.storyboard */; };
		E149CC281EDFA7BB002A3256 /* Assets.xcassets in Resources */ = {isa = PBXBuildFile; fileRef = E149CC271EDFA7BB002A3256 /* Assets.xcassets */; };
		E149CC2B1EDFA7BB002A3256 /* LaunchScreen.storyboard in Resources */ = {isa = PBXBuildFile; fileRef = E149CC291EDFA7BB002A3256 /* LaunchScreen.storyboard */; };
		E149CC361EDFA7BB002A3256 /* FIUGivesTests.swift in Sources */ = {isa = PBXBuildFile; fileRef = E149CC351EDFA7BB002A3256 /* FIUGivesTests.swift */; };
		E149CC411EDFA7BB002A3256 /* FIUGivesUITests.swift in Sources */ = {isa = PBXBuildFile; fileRef = E149CC401EDFA7BB002A3256 /* FIUGivesUITests.swift */; };
		E1629BD81EEB55E400B8926A /* User.swift in Sources */ = {isa = PBXBuildFile; fileRef = E1629BD71EEB55E400B8926A /* User.swift */; };
/* End PBXBuildFile section */

/* Begin PBXContainerItemProxy section */
		E149CC321EDFA7BB002A3256 /* PBXContainerItemProxy */ = {
			isa = PBXContainerItemProxy;
			containerPortal = E149CC131EDFA7BB002A3256 /* Project object */;
			proxyType = 1;
			remoteGlobalIDString = E149CC1A1EDFA7BB002A3256;
			remoteInfo = FIUGives;
		};
		E149CC3D1EDFA7BB002A3256 /* PBXContainerItemProxy */ = {
			isa = PBXContainerItemProxy;
			containerPortal = E149CC131EDFA7BB002A3256 /* Project object */;
			proxyType = 1;
			remoteGlobalIDString = E149CC1A1EDFA7BB002A3256;
			remoteInfo = FIUGives;
		};
/* End PBXContainerItemProxy section */

/* Begin PBXFileReference section */
		BBD529531EE48F6E00D45B6B /* Event.swift */ = {isa = PBXFileReference; fileEncoding = 4; lastKnownFileType = sourcecode.swift; path = Event.swift; sourceTree = "<group>"; };
		BBD529551EEA304E00D45B6B /* EventCalendar.swift */ = {isa = PBXFileReference; fileEncoding = 4; lastKnownFileType = sourcecode.swift; path = EventCalendar.swift; sourceTree = "<group>"; };
		BBD529D31EEDC25B00D45B6B /* EventsViewController.swift */ = {isa = PBXFileReference; fileEncoding = 4; lastKnownFileType = sourcecode.swift; path = EventsViewController.swift; sourceTree = "<group>"; };
		BBD529D71EEDC8BB00D45B6B /* MyEventsViewController.swift */ = {isa = PBXFileReference; fileEncoding = 4; lastKnownFileType = sourcecode.swift; path = MyEventsViewController.swift; sourceTree = "<group>"; };
		BBD529D91EEDCB8400D45B6B /* MyProfileViewController.swift */ = {isa = PBXFileReference; fileEncoding = 4; lastKnownFileType = sourcecode.swift; path = MyProfileViewController.swift; sourceTree = "<group>"; };
		BBD529DB1EEDCB9E00D45B6B /* MyHoursViewController.swift */ = {isa = PBXFileReference; fileEncoding = 4; lastKnownFileType = sourcecode.swift; path = MyHoursViewController.swift; sourceTree = "<group>"; };
		BBD529DD1EEDE2BF00D45B6B /* FilterEventsViewController.swift */ = {isa = PBXFileReference; fileEncoding = 4; lastKnownFileType = sourcecode.swift; path = FilterEventsViewController.swift; sourceTree = "<group>"; };
		BBD529DF1EEDE32A00D45B6B /* AddEventViewController.swift */ = {isa = PBXFileReference; fileEncoding = 4; lastKnownFileType = sourcecode.swift; path = AddEventViewController.swift; sourceTree = "<group>"; };
		BBD529E11EEDE47A00D45B6B /* EditProfileViewController.swift */ = {isa = PBXFileReference; fileEncoding = 4; lastKnownFileType = sourcecode.swift; path = EditProfileViewController.swift; sourceTree = "<group>"; };
		BBD529E31EEDE4E900D45B6B /* AddHoursViewController.swift */ = {isa = PBXFileReference; fileEncoding = 4; lastKnownFileType = sourcecode.swift; path = AddHoursViewController.swift; sourceTree = "<group>"; };
		E129E3D41EEDF4D800759B4D /* EventDetailsViewController.swift */ = {isa = PBXFileReference; fileEncoding = 4; lastKnownFileType = sourcecode.swift; path = EventDetailsViewController.swift; sourceTree = "<group>"; };
		E149CC1B1EDFA7BB002A3256 /* FIUGives.app */ = {isa = PBXFileReference; explicitFileType = wrapper.application; includeInIndex = 0; path = FIUGives.app; sourceTree = BUILT_PRODUCTS_DIR; };
		E149CC1E1EDFA7BB002A3256 /* AppDelegate.swift */ = {isa = PBXFileReference; lastKnownFileType = sourcecode.swift; path = AppDelegate.swift; sourceTree = "<group>"; };
		E149CC251EDFA7BB002A3256 /* Base */ = {isa = PBXFileReference; lastKnownFileType = file.storyboard; name = Base; path = Base.lproj/Main.storyboard; sourceTree = "<group>"; };
		E149CC271EDFA7BB002A3256 /* Assets.xcassets */ = {isa = PBXFileReference; lastKnownFileType = folder.assetcatalog; path = Assets.xcassets; sourceTree = "<group>"; };
		E149CC2A1EDFA7BB002A3256 /* Base */ = {isa = PBXFileReference; lastKnownFileType = file.storyboard; name = Base; path = Base.lproj/LaunchScreen.storyboard; sourceTree = "<group>"; };
		E149CC2C1EDFA7BB002A3256 /* Info.plist */ = {isa = PBXFileReference; lastKnownFileType = text.plist.xml; path = Info.plist; sourceTree = "<group>"; };
		E149CC311EDFA7BB002A3256 /* FIUGivesTests.xctest */ = {isa = PBXFileReference; explicitFileType = wrapper.cfbundle; includeInIndex = 0; path = FIUGivesTests.xctest; sourceTree = BUILT_PRODUCTS_DIR; };
		E149CC351EDFA7BB002A3256 /* FIUGivesTests.swift */ = {isa = PBXFileReference; lastKnownFileType = sourcecode.swift; path = FIUGivesTests.swift; sourceTree = "<group>"; };
		E149CC371EDFA7BB002A3256 /* Info.plist */ = {isa = PBXFileReference; lastKnownFileType = text.plist.xml; path = Info.plist; sourceTree = "<group>"; };
		E149CC3C1EDFA7BB002A3256 /* FIUGivesUITests.xctest */ = {isa = PBXFileReference; explicitFileType = wrapper.cfbundle; includeInIndex = 0; path = FIUGivesUITests.xctest; sourceTree = BUILT_PRODUCTS_DIR; };
		E149CC401EDFA7BB002A3256 /* FIUGivesUITests.swift */ = {isa = PBXFileReference; lastKnownFileType = sourcecode.swift; path = FIUGivesUITests.swift; sourceTree = "<group>"; };
		E149CC421EDFA7BB002A3256 /* Info.plist */ = {isa = PBXFileReference; lastKnownFileType = text.plist.xml; path = Info.plist; sourceTree = "<group>"; };
		E1629BD71EEB55E400B8926A /* User.swift */ = {isa = PBXFileReference; fileEncoding = 4; lastKnownFileType = sourcecode.swift; path = User.swift; sourceTree = "<group>"; };
/* End PBXFileReference section */

/* Begin PBXFrameworksBuildPhase section */
		E149CC181EDFA7BB002A3256 /* Frameworks */ = {
			isa = PBXFrameworksBuildPhase;
			buildActionMask = 2147483647;
			files = (
			);
			runOnlyForDeploymentPostprocessing = 0;
		};
		E149CC2E1EDFA7BB002A3256 /* Frameworks */ = {
			isa = PBXFrameworksBuildPhase;
			buildActionMask = 2147483647;
			files = (
			);
			runOnlyForDeploymentPostprocessing = 0;
		};
		E149CC391EDFA7BB002A3256 /* Frameworks */ = {
			isa = PBXFrameworksBuildPhase;
			buildActionMask = 2147483647;
			files = (
			);
			runOnlyForDeploymentPostprocessing = 0;
		};
/* End PBXFrameworksBuildPhase section */

/* Begin PBXGroup section */
		E149CC121EDFA7BB002A3256 = {
			isa = PBXGroup;
			children = (
				E149CC1D1EDFA7BB002A3256 /* FIUGives */,
				E149CC341EDFA7BB002A3256 /* FIUGivesTests */,
				E149CC3F1EDFA7BB002A3256 /* FIUGivesUITests */,
				E149CC1C1EDFA7BB002A3256 /* Products */,
			);
			sourceTree = "<group>";
		};
		E149CC1C1EDFA7BB002A3256 /* Products */ = {
			isa = PBXGroup;
			children = (
				E149CC1B1EDFA7BB002A3256 /* FIUGives.app */,
				E149CC311EDFA7BB002A3256 /* FIUGivesTests.xctest */,
				E149CC3C1EDFA7BB002A3256 /* FIUGivesUITests.xctest */,
			);
			name = Products;
			sourceTree = "<group>";
		};
		E149CC1D1EDFA7BB002A3256 /* FIUGives */ = {
			isa = PBXGroup;
			children = (
				E149CC1E1EDFA7BB002A3256 /* AppDelegate.swift */,
				BBD529D31EEDC25B00D45B6B /* EventsViewController.swift */,
				BBD529DD1EEDE2BF00D45B6B /* FilterEventsViewController.swift */,
				BBD529DF1EEDE32A00D45B6B /* AddEventViewController.swift */,
				BBD529D71EEDC8BB00D45B6B /* MyEventsViewController.swift */,
				BBD529D91EEDCB8400D45B6B /* MyProfileViewController.swift */,
				BBD529E11EEDE47A00D45B6B /* EditProfileViewController.swift */,
				BBD529DB1EEDCB9E00D45B6B /* MyHoursViewController.swift */,
				BBD529E31EEDE4E900D45B6B /* AddHoursViewController.swift */,
				E129E3D41EEDF4D800759B4D /* EventDetailsViewController.swift */,
				E1629BD71EEB55E400B8926A /* User.swift */,
				BBD529531EE48F6E00D45B6B /* Event.swift */,
				BBD529551EEA304E00D45B6B /* EventCalendar.swift */,
				E149CC241EDFA7BB002A3256 /* Main.storyboard */,
				E149CC271EDFA7BB002A3256 /* Assets.xcassets */,
				E149CC291EDFA7BB002A3256 /* LaunchScreen.storyboard */,
				E149CC2C1EDFA7BB002A3256 /* Info.plist */,
			);
			path = FIUGives;
			sourceTree = "<group>";
		};
		E149CC341EDFA7BB002A3256 /* FIUGivesTests */ = {
			isa = PBXGroup;
			children = (
				E149CC351EDFA7BB002A3256 /* FIUGivesTests.swift */,
				E149CC371EDFA7BB002A3256 /* Info.plist */,
			);
			path = FIUGivesTests;
			sourceTree = "<group>";
		};
		E149CC3F1EDFA7BB002A3256 /* FIUGivesUITests */ = {
			isa = PBXGroup;
			children = (
				E149CC401EDFA7BB002A3256 /* FIUGivesUITests.swift */,
				E149CC421EDFA7BB002A3256 /* Info.plist */,
			);
			path = FIUGivesUITests;
			sourceTree = "<group>";
		};
/* End PBXGroup section */

/* Begin PBXNativeTarget section */
		E149CC1A1EDFA7BB002A3256 /* FIUGives */ = {
			isa = PBXNativeTarget;
			buildConfigurationList = E149CC451EDFA7BB002A3256 /* Build configuration list for PBXNativeTarget "FIUGives" */;
			buildPhases = (
				E149CC171EDFA7BB002A3256 /* Sources */,
				E149CC181EDFA7BB002A3256 /* Frameworks */,
				E149CC191EDFA7BB002A3256 /* Resources */,
			);
			buildRules = (
			);
			dependencies = (
			);
			name = FIUGives;
			productName = FIUGives;
			productReference = E149CC1B1EDFA7BB002A3256 /* FIUGives.app */;
			productType = "com.apple.product-type.application";
		};
		E149CC301EDFA7BB002A3256 /* FIUGivesTests */ = {
			isa = PBXNativeTarget;
			buildConfigurationList = E149CC481EDFA7BB002A3256 /* Build configuration list for PBXNativeTarget "FIUGivesTests" */;
			buildPhases = (
				E149CC2D1EDFA7BB002A3256 /* Sources */,
				E149CC2E1EDFA7BB002A3256 /* Frameworks */,
				E149CC2F1EDFA7BB002A3256 /* Resources */,
			);
			buildRules = (
			);
			dependencies = (
				E149CC331EDFA7BB002A3256 /* PBXTargetDependency */,
			);
			name = FIUGivesTests;
			productName = FIUGivesTests;
			productReference = E149CC311EDFA7BB002A3256 /* FIUGivesTests.xctest */;
			productType = "com.apple.product-type.bundle.unit-test";
		};
		E149CC3B1EDFA7BB002A3256 /* FIUGivesUITests */ = {
			isa = PBXNativeTarget;
			buildConfigurationList = E149CC4B1EDFA7BB002A3256 /* Build configuration list for PBXNativeTarget "FIUGivesUITests" */;
			buildPhases = (
				E149CC381EDFA7BB002A3256 /* Sources */,
				E149CC391EDFA7BB002A3256 /* Frameworks */,
				E149CC3A1EDFA7BB002A3256 /* Resources */,
			);
			buildRules = (
			);
			dependencies = (
				E149CC3E1EDFA7BB002A3256 /* PBXTargetDependency */,
			);
			name = FIUGivesUITests;
			productName = FIUGivesUITests;
			productReference = E149CC3C1EDFA7BB002A3256 /* FIUGivesUITests.xctest */;
			productType = "com.apple.product-type.bundle.ui-testing";
		};
/* End PBXNativeTarget section */

/* Begin PBXProject section */
		E149CC131EDFA7BB002A3256 /* Project object */ = {
			isa = PBXProject;
			attributes = {
				LastSwiftUpdateCheck = 0800;
				LastUpgradeCheck = 0820;
				ORGANIZATIONNAME = FIUGives;
				TargetAttributes = {
					E149CC1A1EDFA7BB002A3256 = {
						CreatedOnToolsVersion = 8.0;
						ProvisioningStyle = Automatic;
					};
					E149CC301EDFA7BB002A3256 = {
						CreatedOnToolsVersion = 8.0;
						ProvisioningStyle = Automatic;
						TestTargetID = E149CC1A1EDFA7BB002A3256;
					};
					E149CC3B1EDFA7BB002A3256 = {
						CreatedOnToolsVersion = 8.0;
						ProvisioningStyle = Automatic;
						TestTargetID = E149CC1A1EDFA7BB002A3256;
					};
				};
			};
			buildConfigurationList = E149CC161EDFA7BB002A3256 /* Build configuration list for PBXProject "FIUGives" */;
			compatibilityVersion = "Xcode 3.2";
			developmentRegion = English;
			hasScannedForEncodings = 0;
			knownRegions = (
				en,
				Base,
			);
			mainGroup = E149CC121EDFA7BB002A3256;
			productRefGroup = E149CC1C1EDFA7BB002A3256 /* Products */;
			projectDirPath = "";
			projectRoot = "";
			targets = (
				E149CC1A1EDFA7BB002A3256 /* FIUGives */,
				E149CC301EDFA7BB002A3256 /* FIUGivesTests */,
				E149CC3B1EDFA7BB002A3256 /* FIUGivesUITests */,
			);
		};
/* End PBXProject section */

/* Begin PBXResourcesBuildPhase section */
		E149CC191EDFA7BB002A3256 /* Resources */ = {
			isa = PBXResourcesBuildPhase;
			buildActionMask = 2147483647;
			files = (
				E149CC2B1EDFA7BB002A3256 /* LaunchScreen.storyboard in Resources */,
				E149CC281EDFA7BB002A3256 /* Assets.xcassets in Resources */,
				E149CC261EDFA7BB002A3256 /* Main.storyboard in Resources */,
			);
			runOnlyForDeploymentPostprocessing = 0;
		};
		E149CC2F1EDFA7BB002A3256 /* Resources */ = {
			isa = PBXResourcesBuildPhase;
			buildActionMask = 2147483647;
			files = (
			);
			runOnlyForDeploymentPostprocessing = 0;
		};
		E149CC3A1EDFA7BB002A3256 /* Resources */ = {
			isa = PBXResourcesBuildPhase;
			buildActionMask = 2147483647;
			files = (
			);
			runOnlyForDeploymentPostprocessing = 0;
		};
/* End PBXResourcesBuildPhase section */

/* Begin PBXSourcesBuildPhase section */
		E149CC171EDFA7BB002A3256 /* Sources */ = {
			isa = PBXSourcesBuildPhase;
			buildActionMask = 2147483647;
			files = (
				BBD529E41EEDE4E900D45B6B /* AddHoursViewController.swift in Sources */,
				BBD529E21EEDE47A00D45B6B /* EditProfileViewController.swift in Sources */,
				E129E3D51EEDF4D800759B4D /* EventDetailsViewController.swift in Sources */,
				BBD529541EE48F6E00D45B6B /* Event.swift in Sources */,
				BBD529E01EEDE32A00D45B6B /* AddEventViewController.swift in Sources */,
				BBD529DE1EEDE2BF00D45B6B /* FilterEventsViewController.swift in Sources */,
				BBD529561EEA304E00D45B6B /* EventCalendar.swift in Sources */,
				BBD529DA1EEDCB8400D45B6B /* MyProfileViewController.swift in Sources */,
				BBD529D81EEDC8BB00D45B6B /* MyEventsViewController.swift in Sources */,
				BBD529DC1EEDCB9E00D45B6B /* MyHoursViewController.swift in Sources */,
				E1629BD81EEB55E400B8926A /* User.swift in Sources */,
				BBD529D41EEDC25B00D45B6B /* EventsViewController.swift in Sources */,
				E149CC1F1EDFA7BB002A3256 /* AppDelegate.swift in Sources */,
			);
			runOnlyForDeploymentPostprocessing = 0;
		};
		E149CC2D1EDFA7BB002A3256 /* Sources */ = {
			isa = PBXSourcesBuildPhase;
			buildActionMask = 2147483647;
			files = (
				E149CC361EDFA7BB002A3256 /* FIUGivesTests.swift in Sources */,
			);
			runOnlyForDeploymentPostprocessing = 0;
		};
		E149CC381EDFA7BB002A3256 /* Sources */ = {
			isa = PBXSourcesBuildPhase;
			buildActionMask = 2147483647;
			files = (
				E149CC411EDFA7BB002A3256 /* FIUGivesUITests.swift in Sources */,
			);
			runOnlyForDeploymentPostprocessing = 0;
		};
/* End PBXSourcesBuildPhase section */

/* Begin PBXTargetDependency section */
		E149CC331EDFA7BB002A3256 /* PBXTargetDependency */ = {
			isa = PBXTargetDependency;
			target = E149CC1A1EDFA7BB002A3256 /* FIUGives */;
			targetProxy = E149CC321EDFA7BB002A3256 /* PBXContainerItemProxy */;
		};
		E149CC3E1EDFA7BB002A3256 /* PBXTargetDependency */ = {
			isa = PBXTargetDependency;
			target = E149CC1A1EDFA7BB002A3256 /* FIUGives */;
			targetProxy = E149CC3D1EDFA7BB002A3256 /* PBXContainerItemProxy */;
		};
/* End PBXTargetDependency section */

/* Begin PBXVariantGroup section */
		E149CC241EDFA7BB002A3256 /* Main.storyboard */ = {
			isa = PBXVariantGroup;
			children = (
				E149CC251EDFA7BB002A3256 /* Base */,
			);
			name = Main.storyboard;
			sourceTree = "<group>";
		};
		E149CC291EDFA7BB002A3256 /* LaunchScreen.storyboard */ = {
			isa = PBXVariantGroup;
			children = (
				E149CC2A1EDFA7BB002A3256 /* Base */,
			);
			name = LaunchScreen.storyboard;
			sourceTree = "<group>";
		};
/* End PBXVariantGroup section */

/* Begin XCBuildConfiguration section */
		E149CC431EDFA7BB002A3256 /* Debug */ = {
			isa = XCBuildConfiguration;
			buildSettings = {
				ALWAYS_SEARCH_USER_PATHS = NO;
				CLANG_ANALYZER_NONNULL = YES;
				CLANG_CXX_LANGUAGE_STANDARD = "gnu++0x";
				CLANG_CXX_LIBRARY = "libc++";
				CLANG_ENABLE_MODULES = YES;
				CLANG_ENABLE_OBJC_ARC = YES;
				CLANG_WARN_BOOL_CONVERSION = YES;
				CLANG_WARN_CONSTANT_CONVERSION = YES;
				CLANG_WARN_DIRECT_OBJC_ISA_USAGE = YES_ERROR;
				CLANG_WARN_DOCUMENTATION_COMMENTS = YES;
				CLANG_WARN_EMPTY_BODY = YES;
				CLANG_WARN_ENUM_CONVERSION = YES;
				CLANG_WARN_INFINITE_RECURSION = YES;
				CLANG_WARN_INT_CONVERSION = YES;
				CLANG_WARN_OBJC_ROOT_CLASS = YES_ERROR;
				CLANG_WARN_SUSPICIOUS_MOVE = YES;
				CLANG_WARN_SUSPICIOUS_MOVES = YES;
				CLANG_WARN_UNREACHABLE_CODE = YES;
				CLANG_WARN__DUPLICATE_METHOD_MATCH = YES;
				"CODE_SIGN_IDENTITY[sdk=iphoneos*]" = "iPhone Developer";
				COPY_PHASE_STRIP = NO;
				DEBUG_INFORMATION_FORMAT = dwarf;
				ENABLE_STRICT_OBJC_MSGSEND = YES;
				ENABLE_TESTABILITY = YES;
				GCC_C_LANGUAGE_STANDARD = gnu99;
				GCC_DYNAMIC_NO_PIC = NO;
				GCC_NO_COMMON_BLOCKS = YES;
				GCC_OPTIMIZATION_LEVEL = 0;
				GCC_PREPROCESSOR_DEFINITIONS = (
					"DEBUG=1",
					"$(inherited)",
				);
				GCC_WARN_64_TO_32_BIT_CONVERSION = YES;
				GCC_WARN_ABOUT_RETURN_TYPE = YES_ERROR;
				GCC_WARN_UNDECLARED_SELECTOR = YES;
				GCC_WARN_UNINITIALIZED_AUTOS = YES_AGGRESSIVE;
				GCC_WARN_UNUSED_FUNCTION = YES;
				GCC_WARN_UNUSED_VARIABLE = YES;
				IPHONEOS_DEPLOYMENT_TARGET = 10.0;
				MTL_ENABLE_DEBUG_INFO = YES;
				ONLY_ACTIVE_ARCH = YES;
				SDKROOT = iphoneos;
				SWIFT_ACTIVE_COMPILATION_CONDITIONS = DEBUG;
				SWIFT_OPTIMIZATION_LEVEL = "-Onone";
			};
			name = Debug;
		};
		E149CC441EDFA7BB002A3256 /* Release */ = {
			isa = XCBuildConfiguration;
			buildSettings = {
				ALWAYS_SEARCH_USER_PATHS = NO;
				CLANG_ANALYZER_NONNULL = YES;
				CLANG_CXX_LANGUAGE_STANDARD = "gnu++0x";
				CLANG_CXX_LIBRARY = "libc++";
				CLANG_ENABLE_MODULES = YES;
				CLANG_ENABLE_OBJC_ARC = YES;
				CLANG_WARN_BOOL_CONVERSION = YES;
				CLANG_WARN_CONSTANT_CONVERSION = YES;
				CLANG_WARN_DIRECT_OBJC_ISA_USAGE = YES_ERROR;
				CLANG_WARN_DOCUMENTATION_COMMENTS = YES;
				CLANG_WARN_EMPTY_BODY = YES;
				CLANG_WARN_ENUM_CONVERSION = YES;
				CLANG_WARN_INFINITE_RECURSION = YES;
				CLANG_WARN_INT_CONVERSION = YES;
				CLANG_WARN_OBJC_ROOT_CLASS = YES_ERROR;
				CLANG_WARN_SUSPICIOUS_MOVE = YES;
				CLANG_WARN_SUSPICIOUS_MOVES = YES;
				CLANG_WARN_UNREACHABLE_CODE = YES;
				CLANG_WARN__DUPLICATE_METHOD_MATCH = YES;
				"CODE_SIGN_IDENTITY[sdk=iphoneos*]" = "iPhone Developer";
				COPY_PHASE_STRIP = NO;
				DEBUG_INFORMATION_FORMAT = "dwarf-with-dsym";
				ENABLE_NS_ASSERTIONS = NO;
				ENABLE_STRICT_OBJC_MSGSEND = YES;
				GCC_C_LANGUAGE_STANDARD = gnu99;
				GCC_NO_COMMON_BLOCKS = YES;
				GCC_WARN_64_TO_32_BIT_CONVERSION = YES;
				GCC_WARN_ABOUT_RETURN_TYPE = YES_ERROR;
				GCC_WARN_UNDECLARED_SELECTOR = YES;
				GCC_WARN_UNINITIALIZED_AUTOS = YES_AGGRESSIVE;
				GCC_WARN_UNUSED_FUNCTION = YES;
				GCC_WARN_UNUSED_VARIABLE = YES;
				IPHONEOS_DEPLOYMENT_TARGET = 10.0;
				MTL_ENABLE_DEBUG_INFO = NO;
				SDKROOT = iphoneos;
				SWIFT_OPTIMIZATION_LEVEL = "-Owholemodule";
				VALIDATE_PRODUCT = YES;
			};
			name = Release;
		};
		E149CC461EDFA7BB002A3256 /* Debug */ = {
			isa = XCBuildConfiguration;
			buildSettings = {
				ASSETCATALOG_COMPILER_APPICON_NAME = AppIcon;
				INFOPLIST_FILE = FIUGives/Info.plist;
				LD_RUNPATH_SEARCH_PATHS = "$(inherited) @executable_path/Frameworks";
				PRODUCT_BUNDLE_IDENTIFIER = "Senior-Project.FIUGives";
				PRODUCT_NAME = "$(TARGET_NAME)";
				SWIFT_VERSION = 3.0;
			};
			name = Debug;
		};
		E149CC471EDFA7BB002A3256 /* Release */ = {
			isa = XCBuildConfiguration;
			buildSettings = {
				ASSETCATALOG_COMPILER_APPICON_NAME = AppIcon;
				INFOPLIST_FILE = FIUGives/Info.plist;
				LD_RUNPATH_SEARCH_PATHS = "$(inherited) @executable_path/Frameworks";
				PRODUCT_BUNDLE_IDENTIFIER = "Senior-Project.FIUGives";
				PRODUCT_NAME = "$(TARGET_NAME)";
				SWIFT_VERSION = 3.0;
			};
			name = Release;
		};
		E149CC491EDFA7BB002A3256 /* Debug */ = {
			isa = XCBuildConfiguration;
			buildSettings = {
				ALWAYS_EMBED_SWIFT_STANDARD_LIBRARIES = YES;
				BUNDLE_LOADER = "$(TEST_HOST)";
				INFOPLIST_FILE = FIUGivesTests/Info.plist;
				LD_RUNPATH_SEARCH_PATHS = "$(inherited) @executable_path/Frameworks @loader_path/Frameworks";
				PRODUCT_BUNDLE_IDENTIFIER = "Senior-Project.FIUGivesTests";
				PRODUCT_NAME = "$(TARGET_NAME)";
				SWIFT_VERSION = 3.0;
				TEST_HOST = "$(BUILT_PRODUCTS_DIR)/FIUGives.app/FIUGives";
			};
			name = Debug;
		};
		E149CC4A1EDFA7BB002A3256 /* Release */ = {
			isa = XCBuildConfiguration;
			buildSettings = {
				ALWAYS_EMBED_SWIFT_STANDARD_LIBRARIES = YES;
				BUNDLE_LOADER = "$(TEST_HOST)";
				INFOPLIST_FILE = FIUGivesTests/Info.plist;
				LD_RUNPATH_SEARCH_PATHS = "$(inherited) @executable_path/Frameworks @loader_path/Frameworks";
				PRODUCT_BUNDLE_IDENTIFIER = "Senior-Project.FIUGivesTests";
				PRODUCT_NAME = "$(TARGET_NAME)";
				SWIFT_VERSION = 3.0;
				TEST_HOST = "$(BUILT_PRODUCTS_DIR)/FIUGives.app/FIUGives";
			};
			name = Release;
		};
		E149CC4C1EDFA7BB002A3256 /* Debug */ = {
			isa = XCBuildConfiguration;
			buildSettings = {
				ALWAYS_EMBED_SWIFT_STANDARD_LIBRARIES = YES;
				INFOPLIST_FILE = FIUGivesUITests/Info.plist;
				LD_RUNPATH_SEARCH_PATHS = "$(inherited) @executable_path/Frameworks @loader_path/Frameworks";
				PRODUCT_BUNDLE_IDENTIFIER = "Senior-Project.FIUGivesUITests";
				PRODUCT_NAME = "$(TARGET_NAME)";
				SWIFT_VERSION = 3.0;
				TEST_TARGET_NAME = FIUGives;
			};
			name = Debug;
		};
		E149CC4D1EDFA7BB002A3256 /* Release */ = {
			isa = XCBuildConfiguration;
			buildSettings = {
				ALWAYS_EMBED_SWIFT_STANDARD_LIBRARIES = YES;
				INFOPLIST_FILE = FIUGivesUITests/Info.plist;
				LD_RUNPATH_SEARCH_PATHS = "$(inherited) @executable_path/Frameworks @loader_path/Frameworks";
				PRODUCT_BUNDLE_IDENTIFIER = "Senior-Project.FIUGivesUITests";
				PRODUCT_NAME = "$(TARGET_NAME)";
				SWIFT_VERSION = 3.0;
				TEST_TARGET_NAME = FIUGives;
			};
			name = Release;
		};
/* End XCBuildConfiguration section */

/* Begin XCConfigurationList section */
		E149CC161EDFA7BB002A3256 /* Build configuration list for PBXProject "FIUGives" */ = {
			isa = XCConfigurationList;
			buildConfigurations = (
				E149CC431EDFA7BB002A3256 /* Debug */,
				E149CC441EDFA7BB002A3256 /* Release */,
			);
			defaultConfigurationIsVisible = 0;
			defaultConfigurationName = Release;
		};
		E149CC451EDFA7BB002A3256 /* Build configuration list for PBXNativeTarget "FIUGives" */ = {
			isa = XCConfigurationList;
			buildConfigurations = (
				E149CC461EDFA7BB002A3256 /* Debug */,
				E149CC471EDFA7BB002A3256 /* Release */,
			);
			defaultConfigurationIsVisible = 0;
			defaultConfigurationName = Release;
		};
		E149CC481EDFA7BB002A3256 /* Build configuration list for PBXNativeTarget "FIUGivesTests" */ = {
			isa = XCConfigurationList;
			buildConfigurations = (
				E149CC491EDFA7BB002A3256 /* Debug */,
				E149CC4A1EDFA7BB002A3256 /* Release */,
			);
			defaultConfigurationIsVisible = 0;
			defaultConfigurationName = Release;
		};
		E149CC4B1EDFA7BB002A3256 /* Build configuration list for PBXNativeTarget "FIUGivesUITests" */ = {
			isa = XCConfigurationList;
			buildConfigurations = (
				E149CC4C1EDFA7BB002A3256 /* Debug */,
				E149CC4D1EDFA7BB002A3256 /* Release */,
			);
			defaultConfigurationIsVisible = 0;
			defaultConfigurationName = Release;
		};
/* End XCConfigurationList section */
	};
	rootObject = E149CC131EDFA7BB002A3256 /* Project object */;
}
